
Microsoft Visual Studio Solution File, Format Version 12.00
# Visual Studio Version 17
VisualStudioVersion = 17.4.33103.184
MinimumVisualStudioVersion = 10.0.40219.1
Project("{F2A71F9B-5D33-465A-A702-920D77279786}") = "advent-of-code-2022", "advent-of-code-2022\advent-of-code-2022.fsproj", "{B90340F4-878F-4F03-B45A-40DDF936A890}"
EndProject
Global
	GlobalSection(SolutionConfigurationPlatforms) = preSolution
		Debug|Any CPU = Debug|Any CPU
		Release|Any CPU = Release|Any CPU
	EndGlobalSection
	GlobalSection(ProjectConfigurationPlatforms) = postSolution
		{B90340F4-878F-4F03-B45A-40DDF936A890}.Debug|Any CPU.ActiveCfg = Debug|Any CPU
		{B90340F4-878F-4F03-B45A-40DDF936A890}.Debug|Any CPU.Build.0 = Debug|Any CPU
		{B90340F4-878F-4F03-B45A-40DDF936A890}.Release|Any CPU.ActiveCfg = Release|Any CPU
		{B90340F4-878F-4F03-B45A-40DDF936A890}.Release|Any CPU.Build.0 = Release|Any CPU
	EndGlobalSection
	GlobalSection(SolutionProperties) = preSolution
		HideSolutionNode = FALSE
	EndGlobalSection
	GlobalSection(ExtensibilityGlobals) = postSolution
		SolutionGuid = {E6BD490E-7879-47B8-9996-88CB08AFC76E}
	EndGlobalSection
EndGlobal
